
Microsoft Visual Studio Solution File, Format Version 12.00
# Visual Studio Version 17
VisualStudioVersion = 17.0.31912.275
MinimumVisualStudioVersion = 10.0.40219.1
Project("{9A19103F-16F7-4668-BE54-9A1E7A4F7556}") = "ComponentBuilder", "src\ComponentBuilder\ComponentBuilder.csproj", "{015C2F44-0513-4765-855A-DBF37B6D1C05}"
EndProject
Project("{9A19103F-16F7-4668-BE54-9A1E7A4F7556}") = "ComponentBuilder.Test", "test\ComponentBuilder.Test\ComponentBuilder.Test.csproj", "{44CEE38D-F889-4592-B225-196839CADBCD}"
EndProject
Project("{9A19103F-16F7-4668-BE54-9A1E7A4F7556}") = "ComponentBuilder.Demo", "demo\ComponentBuilder.Demo\ComponentBuilder.Demo.csproj", "{4FA8AF49-DF26-47AA-85BA-5A2768470655}"
EndProject
Global
	GlobalSection(SolutionConfigurationPlatforms) = preSolution
		Debug|Any CPU = Debug|Any CPU
		Release|Any CPU = Release|Any CPU
	EndGlobalSection
	GlobalSection(ProjectConfigurationPlatforms) = postSolution
		{015C2F44-0513-4765-855A-DBF37B6D1C05}.Debug|Any CPU.ActiveCfg = Debug|Any CPU
		{015C2F44-0513-4765-855A-DBF37B6D1C05}.Debug|Any CPU.Build.0 = Debug|Any CPU
		{015C2F44-0513-4765-855A-DBF37B6D1C05}.Release|Any CPU.ActiveCfg = Release|Any CPU
		{015C2F44-0513-4765-855A-DBF37B6D1C05}.Release|Any CPU.Build.0 = Release|Any CPU
		{44CEE38D-F889-4592-B225-196839CADBCD}.Debug|Any CPU.ActiveCfg = Debug|Any CPU
		{44CEE38D-F889-4592-B225-196839CADBCD}.Debug|Any CPU.Build.0 = Debug|Any CPU
		{44CEE38D-F889-4592-B225-196839CADBCD}.Release|Any CPU.ActiveCfg = Release|Any CPU
		{44CEE38D-F889-4592-B225-196839CADBCD}.Release|Any CPU.Build.0 = Release|Any CPU
		{4FA8AF49-DF26-47AA-85BA-5A2768470655}.Debug|Any CPU.ActiveCfg = Debug|Any CPU
		{4FA8AF49-DF26-47AA-85BA-5A2768470655}.Debug|Any CPU.Build.0 = Debug|Any CPU
		{4FA8AF49-DF26-47AA-85BA-5A2768470655}.Release|Any CPU.ActiveCfg = Release|Any CPU
		{4FA8AF49-DF26-47AA-85BA-5A2768470655}.Release|Any CPU.Build.0 = Release|Any CPU
	EndGlobalSection
	GlobalSection(SolutionProperties) = preSolution
		HideSolutionNode = FALSE
	EndGlobalSection
	GlobalSection(ExtensibilityGlobals) = postSolution
		SolutionGuid = {FBD1543A-50FB-4271-8647-B903D2EC0040}
	EndGlobalSection
EndGlobal
