
Microsoft Visual Studio Solution File, Format Version 12.00
# Visual Studio Version 17
VisualStudioVersion = 17.0.31912.275
MinimumVisualStudioVersion = 10.0.40219.1
Project("{9A19103F-16F7-4668-BE54-9A1E7A4F7556}") = "ComponentBuilder", "src\ComponentBuilder\ComponentBuilder.csproj", "{015C2F44-0513-4765-855A-DBF37B6D1C05}"
EndProject
Project("{9A19103F-16F7-4668-BE54-9A1E7A4F7556}") = "ComponentBuilder.Test", "test\ComponentBuilder.Test\ComponentBuilder.Test.csproj", "{44CEE38D-F889-4592-B225-196839CADBCD}"
EndProject
Project("{2150E333-8FDC-42A3-9474-1A3956D46DE8}") = "Solution Items", "Solution Items", "{61A2BE9F-CE8C-4A1B-A316-3F2AB7A43C32}"
	ProjectSection(SolutionItems) = preProject
		CHANGELOGS.md = CHANGELOGS.md
		common.props = common.props
		LICENSE = LICENSE
		README.md = README.md
	EndProjectSection
EndProject
Project("{2150E333-8FDC-42A3-9474-1A3956D46DE8}") = "Src", "Src", "{5CB30AF7-0003-4523-976A-6B1FD93E8FF2}"
EndProject
Project("{2150E333-8FDC-42A3-9474-1A3956D46DE8}") = "Test", "Test", "{07B16CEE-E211-4340-8BB8-E56C033E4757}"
EndProject
Project("{2150E333-8FDC-42A3-9474-1A3956D46DE8}") = "Demo", "Demo", "{1008929A-CF62-4D52-8D10-A618FC33536C}"
EndProject
Project("{9A19103F-16F7-4668-BE54-9A1E7A4F7556}") = "ComponentBuilder.Demo.ServerSide", "demo\ComponentBuilder.Demo.ServerSide\ComponentBuilder.Demo.ServerSide.csproj", "{99D9667E-BEE0-4CFB-80FF-46D070766B09}"
EndProject
Project("{FAE04EC0-301F-11D3-BF4B-00C04F79EFBC}") = "ComponentBuilder.Perfomance.Test", "test\ComponentBuilder.Perfomance.Test\ComponentBuilder.Perfomance.Test.csproj", "{3F32FCEE-CEAC-46A9-8945-6085327116C1}"
EndProject
Global
	GlobalSection(SolutionConfigurationPlatforms) = preSolution
		Debug|Any CPU = Debug|Any CPU
		Release|Any CPU = Release|Any CPU
	EndGlobalSection
	GlobalSection(ProjectConfigurationPlatforms) = postSolution
		{015C2F44-0513-4765-855A-DBF37B6D1C05}.Debug|Any CPU.ActiveCfg = Debug|Any CPU
		{015C2F44-0513-4765-855A-DBF37B6D1C05}.Debug|Any CPU.Build.0 = Debug|Any CPU
		{015C2F44-0513-4765-855A-DBF37B6D1C05}.Release|Any CPU.ActiveCfg = Release|Any CPU
		{015C2F44-0513-4765-855A-DBF37B6D1C05}.Release|Any CPU.Build.0 = Release|Any CPU
		{44CEE38D-F889-4592-B225-196839CADBCD}.Debug|Any CPU.ActiveCfg = Debug|Any CPU
		{44CEE38D-F889-4592-B225-196839CADBCD}.Debug|Any CPU.Build.0 = Debug|Any CPU
		{44CEE38D-F889-4592-B225-196839CADBCD}.Release|Any CPU.ActiveCfg = Release|Any CPU
		{44CEE38D-F889-4592-B225-196839CADBCD}.Release|Any CPU.Build.0 = Release|Any CPU
		{99D9667E-BEE0-4CFB-80FF-46D070766B09}.Debug|Any CPU.ActiveCfg = Debug|Any CPU
		{99D9667E-BEE0-4CFB-80FF-46D070766B09}.Debug|Any CPU.Build.0 = Debug|Any CPU
		{99D9667E-BEE0-4CFB-80FF-46D070766B09}.Release|Any CPU.ActiveCfg = Release|Any CPU
		{99D9667E-BEE0-4CFB-80FF-46D070766B09}.Release|Any CPU.Build.0 = Release|Any CPU
		{3F32FCEE-CEAC-46A9-8945-6085327116C1}.Debug|Any CPU.ActiveCfg = Debug|Any CPU
		{3F32FCEE-CEAC-46A9-8945-6085327116C1}.Debug|Any CPU.Build.0 = Debug|Any CPU
		{3F32FCEE-CEAC-46A9-8945-6085327116C1}.Release|Any CPU.ActiveCfg = Release|Any CPU
		{3F32FCEE-CEAC-46A9-8945-6085327116C1}.Release|Any CPU.Build.0 = Release|Any CPU
	EndGlobalSection
	GlobalSection(SolutionProperties) = preSolution
		HideSolutionNode = FALSE
	EndGlobalSection
	GlobalSection(NestedProjects) = preSolution
		{015C2F44-0513-4765-855A-DBF37B6D1C05} = {5CB30AF7-0003-4523-976A-6B1FD93E8FF2}
		{44CEE38D-F889-4592-B225-196839CADBCD} = {07B16CEE-E211-4340-8BB8-E56C033E4757}
		{99D9667E-BEE0-4CFB-80FF-46D070766B09} = {1008929A-CF62-4D52-8D10-A618FC33536C}
		{3F32FCEE-CEAC-46A9-8945-6085327116C1} = {07B16CEE-E211-4340-8BB8-E56C033E4757}
	EndGlobalSection
	GlobalSection(ExtensibilityGlobals) = postSolution
		SolutionGuid = {FBD1543A-50FB-4271-8647-B903D2EC0040}
	EndGlobalSection
EndGlobal
