
Microsoft Visual Studio Solution File, Format Version 12.00
# Visual Studio Version 17
VisualStudioVersion = 17.0.31912.275
MinimumVisualStudioVersion = 10.0.40219.1
Project("{9A19103F-16F7-4668-BE54-9A1E7A4F7556}") = "ComponentBuilder.Automation", "src\ComponentBuilder\ComponentBuilder.Automation.csproj", "{015C2F44-0513-4765-855A-DBF37B6D1C05}"
EndProject
Project("{9A19103F-16F7-4668-BE54-9A1E7A4F7556}") = "ComponentBuilder.Automation.Test", "test\ComponentBuilder.Test\ComponentBuilder.Automation.Test.csproj", "{44CEE38D-F889-4592-B225-196839CADBCD}"
EndProject
Project("{2150E333-8FDC-42A3-9474-1A3956D46DE8}") = "Solution Items", "Solution Items", "{61A2BE9F-CE8C-4A1B-A316-3F2AB7A43C32}"
	ProjectSection(SolutionItems) = preProject
		CHANGELOGS.md = CHANGELOGS.md
		common.props = common.props
		LICENSE = LICENSE
		README.md = README.md
		README.zh-cn.md = README.zh-cn.md
	EndProjectSection
EndProject
Project("{2150E333-8FDC-42A3-9474-1A3956D46DE8}") = "Src", "Src", "{5CB30AF7-0003-4523-976A-6B1FD93E8FF2}"
EndProject
Project("{2150E333-8FDC-42A3-9474-1A3956D46DE8}") = "Test", "Test", "{07B16CEE-E211-4340-8BB8-E56C033E4757}"
EndProject
Project("{2150E333-8FDC-42A3-9474-1A3956D46DE8}") = "Demo", "Demo", "{1008929A-CF62-4D52-8D10-A618FC33536C}"
EndProject
Project("{9A19103F-16F7-4668-BE54-9A1E7A4F7556}") = "ComponentBuilder.Demo.ServerSide", "demo\ComponentBuilder.Demo.ServerSide\ComponentBuilder.Demo.ServerSide.csproj", "{99D9667E-BEE0-4CFB-80FF-46D070766B09}"
EndProject
Project("{9A19103F-16F7-4668-BE54-9A1E7A4F7556}") = "ComponentBuilder.JSInterop", "src\ComponentBuilder.JSInterop\ComponentBuilder.JSInterop.csproj", "{65CC2E5A-F2A3-47A0-8930-275B4D9E23F1}"
EndProject
Project("{9A19103F-16F7-4668-BE54-9A1E7A4F7556}") = "ComponentBuilder.FluentRenderTree", "src\ComponentBuilder.FluentRenderTree\ComponentBuilder.FluentRenderTree.csproj", "{046527F9-7953-4AC9-83E8-4BCA691A35C6}"
EndProject
Project("{9A19103F-16F7-4668-BE54-9A1E7A4F7556}") = "ComponentBuilder.FluentClass", "src\ComponentBuilder.FluentClass\ComponentBuilder.FluentClass.csproj", "{63EF6058-886E-484E-954D-580FFAD44E73}"
EndProject
Project("{FAE04EC0-301F-11D3-BF4B-00C04F79EFBC}") = "ComponentBuilder.Enhancement", "src\ComponentBuilder.Enhancements\ComponentBuilder.Enhancement.csproj", "{EC0BD769-3023-4816-973D-3DD07DC593C0}"
EndProject
Global
	GlobalSection(SolutionConfigurationPlatforms) = preSolution
		Debug|Any CPU = Debug|Any CPU
		Release|Any CPU = Release|Any CPU
	EndGlobalSection
	GlobalSection(ProjectConfigurationPlatforms) = postSolution
		{015C2F44-0513-4765-855A-DBF37B6D1C05}.Debug|Any CPU.ActiveCfg = Debug|Any CPU
		{015C2F44-0513-4765-855A-DBF37B6D1C05}.Debug|Any CPU.Build.0 = Debug|Any CPU
		{015C2F44-0513-4765-855A-DBF37B6D1C05}.Release|Any CPU.ActiveCfg = Release|Any CPU
		{015C2F44-0513-4765-855A-DBF37B6D1C05}.Release|Any CPU.Build.0 = Release|Any CPU
		{44CEE38D-F889-4592-B225-196839CADBCD}.Debug|Any CPU.ActiveCfg = Debug|Any CPU
		{44CEE38D-F889-4592-B225-196839CADBCD}.Debug|Any CPU.Build.0 = Debug|Any CPU
		{44CEE38D-F889-4592-B225-196839CADBCD}.Release|Any CPU.ActiveCfg = Release|Any CPU
		{44CEE38D-F889-4592-B225-196839CADBCD}.Release|Any CPU.Build.0 = Release|Any CPU
		{99D9667E-BEE0-4CFB-80FF-46D070766B09}.Debug|Any CPU.ActiveCfg = Debug|Any CPU
		{99D9667E-BEE0-4CFB-80FF-46D070766B09}.Debug|Any CPU.Build.0 = Debug|Any CPU
		{99D9667E-BEE0-4CFB-80FF-46D070766B09}.Release|Any CPU.ActiveCfg = Release|Any CPU
		{99D9667E-BEE0-4CFB-80FF-46D070766B09}.Release|Any CPU.Build.0 = Release|Any CPU
		{65CC2E5A-F2A3-47A0-8930-275B4D9E23F1}.Debug|Any CPU.ActiveCfg = Debug|Any CPU
		{65CC2E5A-F2A3-47A0-8930-275B4D9E23F1}.Debug|Any CPU.Build.0 = Debug|Any CPU
		{65CC2E5A-F2A3-47A0-8930-275B4D9E23F1}.Release|Any CPU.ActiveCfg = Release|Any CPU
		{65CC2E5A-F2A3-47A0-8930-275B4D9E23F1}.Release|Any CPU.Build.0 = Release|Any CPU
		{046527F9-7953-4AC9-83E8-4BCA691A35C6}.Debug|Any CPU.ActiveCfg = Debug|Any CPU
		{046527F9-7953-4AC9-83E8-4BCA691A35C6}.Debug|Any CPU.Build.0 = Debug|Any CPU
		{046527F9-7953-4AC9-83E8-4BCA691A35C6}.Release|Any CPU.ActiveCfg = Release|Any CPU
		{046527F9-7953-4AC9-83E8-4BCA691A35C6}.Release|Any CPU.Build.0 = Release|Any CPU
		{63EF6058-886E-484E-954D-580FFAD44E73}.Debug|Any CPU.ActiveCfg = Debug|Any CPU
		{63EF6058-886E-484E-954D-580FFAD44E73}.Debug|Any CPU.Build.0 = Debug|Any CPU
		{63EF6058-886E-484E-954D-580FFAD44E73}.Release|Any CPU.ActiveCfg = Release|Any CPU
		{63EF6058-886E-484E-954D-580FFAD44E73}.Release|Any CPU.Build.0 = Release|Any CPU
		{EC0BD769-3023-4816-973D-3DD07DC593C0}.Debug|Any CPU.ActiveCfg = Debug|Any CPU
		{EC0BD769-3023-4816-973D-3DD07DC593C0}.Debug|Any CPU.Build.0 = Debug|Any CPU
		{EC0BD769-3023-4816-973D-3DD07DC593C0}.Release|Any CPU.ActiveCfg = Release|Any CPU
		{EC0BD769-3023-4816-973D-3DD07DC593C0}.Release|Any CPU.Build.0 = Release|Any CPU
	EndGlobalSection
	GlobalSection(SolutionProperties) = preSolution
		HideSolutionNode = FALSE
	EndGlobalSection
	GlobalSection(NestedProjects) = preSolution
		{015C2F44-0513-4765-855A-DBF37B6D1C05} = {5CB30AF7-0003-4523-976A-6B1FD93E8FF2}
		{44CEE38D-F889-4592-B225-196839CADBCD} = {07B16CEE-E211-4340-8BB8-E56C033E4757}
		{99D9667E-BEE0-4CFB-80FF-46D070766B09} = {1008929A-CF62-4D52-8D10-A618FC33536C}
		{65CC2E5A-F2A3-47A0-8930-275B4D9E23F1} = {5CB30AF7-0003-4523-976A-6B1FD93E8FF2}
		{046527F9-7953-4AC9-83E8-4BCA691A35C6} = {5CB30AF7-0003-4523-976A-6B1FD93E8FF2}
		{63EF6058-886E-484E-954D-580FFAD44E73} = {5CB30AF7-0003-4523-976A-6B1FD93E8FF2}
		{EC0BD769-3023-4816-973D-3DD07DC593C0} = {5CB30AF7-0003-4523-976A-6B1FD93E8FF2}
	EndGlobalSection
	GlobalSection(ExtensibilityGlobals) = postSolution
		SolutionGuid = {FBD1543A-50FB-4271-8647-B903D2EC0040}
	EndGlobalSection
EndGlobal
